
Microsoft Visual Studio Solution File, Format Version 12.00
Project("{FAE04EC0-301F-11D3-BF4B-00C04F79EFBC}") = "BackendCodeChallenge", "BackendCodeChallenge\BackendCodeChallenge.csproj", "{A9C83753-9BB3-41BC-91F4-E5C9BFC93C86}"
EndProject
Global
	GlobalSection(SolutionConfigurationPlatforms) = preSolution
		Debug|Any CPU = Debug|Any CPU
		Release|Any CPU = Release|Any CPU
	EndGlobalSection
	GlobalSection(ProjectConfigurationPlatforms) = postSolution
		{A9C83753-9BB3-41BC-91F4-E5C9BFC93C86}.Debug|Any CPU.ActiveCfg = Debug|Any CPU
		{A9C83753-9BB3-41BC-91F4-E5C9BFC93C86}.Debug|Any CPU.Build.0 = Debug|Any CPU
		{A9C83753-9BB3-41BC-91F4-E5C9BFC93C86}.Release|Any CPU.ActiveCfg = Release|Any CPU
		{A9C83753-9BB3-41BC-91F4-E5C9BFC93C86}.Release|Any CPU.Build.0 = Release|Any CPU
	EndGlobalSection
EndGlobal
